// !$*UTF8*$!
{
	archiveVersion = 1;
	classes = {
	};
	objectVersion = 46;
	objects = {

/* Begin PBXBuildFile section */
		ADB3F06C1D03151200A5AA85 /* AppDelegate.swift in Sources */ = {isa = PBXBuildFile; fileRef = ADB3F06B1D03151200A5AA85 /* AppDelegate.swift */; };
		ADB3F06E1D03151200A5AA85 /* ViewController.swift in Sources */ = {isa = PBXBuildFile; fileRef = ADB3F06D1D03151200A5AA85 /* ViewController.swift */; };
		ADB3F0711D03151200A5AA85 /* Main.storyboard in Resources */ = {isa = PBXBuildFile; fileRef = ADB3F06F1D03151200A5AA85 /* Main.storyboard */; };
		ADB3F0741D03151200A5AA85 /* MyContacts.xcdatamodeld in Sources */ = {isa = PBXBuildFile; fileRef = ADB3F0721D03151200A5AA85 /* MyContacts.xcdatamodeld */; };
		ADB3F0761D03151200A5AA85 /* Assets.xcassets in Resources */ = {isa = PBXBuildFile; fileRef = ADB3F0751D03151200A5AA85 /* Assets.xcassets */; };
		ADB3F0791D03151200A5AA85 /* LaunchScreen.storyboard in Resources */ = {isa = PBXBuildFile; fileRef = ADB3F0771D03151200A5AA85 /* LaunchScreen.storyboard */; };
		ADB3F0821D03166500A5AA85 /* Contact+CoreDataProperties.swift in Sources */ = {isa = PBXBuildFile; fileRef = ADB3F0801D03166500A5AA85 /* Contact+CoreDataProperties.swift */; };
		ADB3F0831D03166500A5AA85 /* Contact.swift in Sources */ = {isa = PBXBuildFile; fileRef = ADB3F0811D03166500A5AA85 /* Contact.swift */; };
		ADB3F0851D0320AB00A5AA85 /* ContactTableViewController.swift in Sources */ = {isa = PBXBuildFile; fileRef = ADB3F0841D0320AB00A5AA85 /* ContactTableViewController.swift */; };
/* End PBXBuildFile section */

/* Begin PBXFileReference section */
		ADB3F0681D03151200A5AA85 /* MyContacts.app */ = {isa = PBXFileReference; explicitFileType = wrapper.application; includeInIndex = 0; path = MyContacts.app; sourceTree = BUILT_PRODUCTS_DIR; };
		ADB3F06B1D03151200A5AA85 /* AppDelegate.swift */ = {isa = PBXFileReference; lastKnownFileType = sourcecode.swift; path = AppDelegate.swift; sourceTree = "<group>"; };
		ADB3F06D1D03151200A5AA85 /* ViewController.swift */ = {isa = PBXFileReference; lastKnownFileType = sourcecode.swift; path = ViewController.swift; sourceTree = "<group>"; };
		ADB3F0701D03151200A5AA85 /* Base */ = {isa = PBXFileReference; lastKnownFileType = file.storyboard; name = Base; path = Base.lproj/Main.storyboard; sourceTree = "<group>"; };
		ADB3F0731D03151200A5AA85 /* MyContacts.xcdatamodel */ = {isa = PBXFileReference; lastKnownFileType = wrapper.xcdatamodel; path = MyContacts.xcdatamodel; sourceTree = "<group>"; };
		ADB3F0751D03151200A5AA85 /* Assets.xcassets */ = {isa = PBXFileReference; lastKnownFileType = folder.assetcatalog; path = Assets.xcassets; sourceTree = "<group>"; };
		ADB3F0781D03151200A5AA85 /* Base */ = {isa = PBXFileReference; lastKnownFileType = file.storyboard; name = Base; path = Base.lproj/LaunchScreen.storyboard; sourceTree = "<group>"; };
		ADB3F07A1D03151200A5AA85 /* Info.plist */ = {isa = PBXFileReference; lastKnownFileType = text.plist.xml; path = Info.plist; sourceTree = "<group>"; };
		ADB3F0801D03166500A5AA85 /* Contact+CoreDataProperties.swift */ = {isa = PBXFileReference; fileEncoding = 4; lastKnownFileType = sourcecode.swift; path = "Contact+CoreDataProperties.swift"; sourceTree = "<group>"; };
		ADB3F0811D03166500A5AA85 /* Contact.swift */ = {isa = PBXFileReference; fileEncoding = 4; lastKnownFileType = sourcecode.swift; path = Contact.swift; sourceTree = "<group>"; };
		ADB3F0841D0320AB00A5AA85 /* ContactTableViewController.swift */ = {isa = PBXFileReference; fileEncoding = 4; lastKnownFileType = sourcecode.swift; path = ContactTableViewController.swift; sourceTree = "<group>"; };
/* End PBXFileReference section */

/* Begin PBXFrameworksBuildPhase section */
		ADB3F0651D03151200A5AA85 /* Frameworks */ = {
			isa = PBXFrameworksBuildPhase;
			buildActionMask = 2147483647;
			files = (
			);
			runOnlyForDeploymentPostprocessing = 0;
		};
/* End PBXFrameworksBuildPhase section */

/* Begin PBXGroup section */
		ADB3F05F1D03151200A5AA85 = {
			isa = PBXGroup;
			children = (
				ADB3F0801D03166500A5AA85 /* Contact+CoreDataProperties.swift */,
				ADB3F0811D03166500A5AA85 /* Contact.swift */,
				ADB3F06A1D03151200A5AA85 /* MyContacts */,
				ADB3F0691D03151200A5AA85 /* Products */,
			);
			sourceTree = "<group>";
		};
		ADB3F0691D03151200A5AA85 /* Products */ = {
			isa = PBXGroup;
			children = (
				ADB3F0681D03151200A5AA85 /* MyContacts.app */,
			);
			name = Products;
			sourceTree = "<group>";
		};
		ADB3F06A1D03151200A5AA85 /* MyContacts */ = {
			isa = PBXGroup;
			children = (
				ADB3F06B1D03151200A5AA85 /* AppDelegate.swift */,
				ADB3F06D1D03151200A5AA85 /* ViewController.swift */,
				ADB3F06F1D03151200A5AA85 /* Main.storyboard */,
				ADB3F0751D03151200A5AA85 /* Assets.xcassets */,
				ADB3F0771D03151200A5AA85 /* LaunchScreen.storyboard */,
				ADB3F07A1D03151200A5AA85 /* Info.plist */,
				ADB3F0721D03151200A5AA85 /* MyContacts.xcdatamodeld */,
				ADB3F0841D0320AB00A5AA85 /* ContactTableViewController.swift */,
			);
			path = MyContacts;
			sourceTree = "<group>";
		};
/* End PBXGroup section */

/* Begin PBXNativeTarget section */
		ADB3F0671D03151200A5AA85 /* MyContacts */ = {
			isa = PBXNativeTarget;
			buildConfigurationList = ADB3F07D1D03151200A5AA85 /* Build configuration list for PBXNativeTarget "MyContacts" */;
			buildPhases = (
				ADB3F0641D03151200A5AA85 /* Sources */,
				ADB3F0651D03151200A5AA85 /* Frameworks */,
				ADB3F0661D03151200A5AA85 /* Resources */,
			);
			buildRules = (
			);
			dependencies = (
			);
			name = MyContacts;
			productName = MyContacts;
			productReference = ADB3F0681D03151200A5AA85 /* MyContacts.app */;
			productType = "com.apple.product-type.application";
		};
/* End PBXNativeTarget section */

/* Begin PBXProject section */
		ADB3F0601D03151200A5AA85 /* Project object */ = {
			isa = PBXProject;
			attributes = {
				LastSwiftUpdateCheck = 0720;
				LastUpgradeCheck = 0720;
				ORGANIZATIONNAME = "Rock Valley College";
				TargetAttributes = {
					ADB3F0671D03151200A5AA85 = {
						CreatedOnToolsVersion = 7.2;
					};
				};
			};
			buildConfigurationList = ADB3F0631D03151200A5AA85 /* Build configuration list for PBXProject "MyContacts" */;
			compatibilityVersion = "Xcode 3.2";
			developmentRegion = English;
			hasScannedForEncodings = 0;
			knownRegions = (
				en,
				Base,
			);
			mainGroup = ADB3F05F1D03151200A5AA85;
			productRefGroup = ADB3F0691D03151200A5AA85 /* Products */;
			projectDirPath = "";
			projectRoot = "";
			targets = (
				ADB3F0671D03151200A5AA85 /* MyContacts */,
			);
		};
/* End PBXProject section */

/* Begin PBXResourcesBuildPhase section */
		ADB3F0661D03151200A5AA85 /* Resources */ = {
			isa = PBXResourcesBuildPhase;
			buildActionMask = 2147483647;
			files = (
				ADB3F0791D03151200A5AA85 /* LaunchScreen.storyboard in Resources */,
				ADB3F0761D03151200A5AA85 /* Assets.xcassets in Resources */,
				ADB3F0711D03151200A5AA85 /* Main.storyboard in Resources */,
			);
			runOnlyForDeploymentPostprocessing = 0;
		};
/* End PBXResourcesBuildPhase section */

/* Begin PBXSourcesBuildPhase section */
		ADB3F0641D03151200A5AA85 /* Sources */ = {
			isa = PBXSourcesBuildPhase;
			buildActionMask = 2147483647;
			files = (
				ADB3F0821D03166500A5AA85 /* Contact+CoreDataProperties.swift in Sources */,
				ADB3F06E1D03151200A5AA85 /* ViewController.swift in Sources */,
				ADB3F0851D0320AB00A5AA85 /* ContactTableViewController.swift in Sources */,
				ADB3F0831D03166500A5AA85 /* Contact.swift in Sources */,
				ADB3F06C1D03151200A5AA85 /* AppDelegate.swift in Sources */,
				ADB3F0741D03151200A5AA85 /* MyContacts.xcdatamodeld in Sources */,
			);
			runOnlyForDeploymentPostprocessing = 0;
		};
/* End PBXSourcesBuildPhase section */

/* Begin PBXVariantGroup section */
		ADB3F06F1D03151200A5AA85 /* Main.storyboard */ = {
			isa = PBXVariantGroup;
			children = (
				ADB3F0701D03151200A5AA85 /* Base */,
			);
			name = Main.storyboard;
			sourceTree = "<group>";
		};
		ADB3F0771D03151200A5AA85 /* LaunchScreen.storyboard */ = {
			isa = PBXVariantGroup;
			children = (
				ADB3F0781D03151200A5AA85 /* Base */,
			);
			name = LaunchScreen.storyboard;
			sourceTree = "<group>";
		};
/* End PBXVariantGroup section */

/* Begin XCBuildConfiguration section */
		ADB3F07B1D03151200A5AA85 /* Debug */ = {
			isa = XCBuildConfiguration;
			buildSettings = {
				ALWAYS_SEARCH_USER_PATHS = NO;
				CLANG_CXX_LANGUAGE_STANDARD = "gnu++0x";
				CLANG_CXX_LIBRARY = "libc++";
				CLANG_ENABLE_MODULES = YES;
				CLANG_ENABLE_OBJC_ARC = YES;
				CLANG_WARN_BOOL_CONVERSION = YES;
				CLANG_WARN_CONSTANT_CONVERSION = YES;
				CLANG_WARN_DIRECT_OBJC_ISA_USAGE = YES_ERROR;
				CLANG_WARN_EMPTY_BODY = YES;
				CLANG_WARN_ENUM_CONVERSION = YES;
				CLANG_WARN_INT_CONVERSION = YES;
				CLANG_WARN_OBJC_ROOT_CLASS = YES_ERROR;
				CLANG_WARN_UNREACHABLE_CODE = YES;
				CLANG_WARN__DUPLICATE_METHOD_MATCH = YES;
				"CODE_SIGN_IDENTITY[sdk=iphoneos*]" = "iPhone Developer";
				COPY_PHASE_STRIP = NO;
				DEBUG_INFORMATION_FORMAT = dwarf;
				ENABLE_STRICT_OBJC_MSGSEND = YES;
				ENABLE_TESTABILITY = YES;
				GCC_C_LANGUAGE_STANDARD = gnu99;
				GCC_DYNAMIC_NO_PIC = NO;
				GCC_NO_COMMON_BLOCKS = YES;
				GCC_OPTIMIZATION_LEVEL = 0;
				GCC_PREPROCESSOR_DEFINITIONS = (
					"DEBUG=1",
					"$(inherited)",
				);
				GCC_WARN_64_TO_32_BIT_CONVERSION = YES;
				GCC_WARN_ABOUT_RETURN_TYPE = YES_ERROR;
				GCC_WARN_UNDECLARED_SELECTOR = YES;
				GCC_WARN_UNINITIALIZED_AUTOS = YES_AGGRESSIVE;
				GCC_WARN_UNUSED_FUNCTION = YES;
				GCC_WARN_UNUSED_VARIABLE = YES;
				IPHONEOS_DEPLOYMENT_TARGET = 9.2;
				MTL_ENABLE_DEBUG_INFO = YES;
				ONLY_ACTIVE_ARCH = YES;
				SDKROOT = iphoneos;
				SWIFT_OPTIMIZATION_LEVEL = "-Onone";
				TARGETED_DEVICE_FAMILY = "1,2";
			};
			name = Debug;
		};
		ADB3F07C1D03151200A5AA85 /* Release */ = {
			isa = XCBuildConfiguration;
			buildSettings = {
				ALWAYS_SEARCH_USER_PATHS = NO;
				CLANG_CXX_LANGUAGE_STANDARD = "gnu++0x";
				CLANG_CXX_LIBRARY = "libc++";
				CLANG_ENABLE_MODULES = YES;
				CLANG_ENABLE_OBJC_ARC = YES;
				CLANG_WARN_BOOL_CONVERSION = YES;
				CLANG_WARN_CONSTANT_CONVERSION = YES;
				CLANG_WARN_DIRECT_OBJC_ISA_USAGE = YES_ERROR;
				CLANG_WARN_EMPTY_BODY = YES;
				CLANG_WARN_ENUM_CONVERSION = YES;
				CLANG_WARN_INT_CONVERSION = YES;
				CLANG_WARN_OBJC_ROOT_CLASS = YES_ERROR;
				CLANG_WARN_UNREACHABLE_CODE = YES;
				CLANG_WARN__DUPLICATE_METHOD_MATCH = YES;
				"CODE_SIGN_IDENTITY[sdk=iphoneos*]" = "iPhone Developer";
				COPY_PHASE_STRIP = NO;
				DEBUG_INFORMATION_FORMAT = "dwarf-with-dsym";
				ENABLE_NS_ASSERTIONS = NO;
				ENABLE_STRICT_OBJC_MSGSEND = YES;
				GCC_C_LANGUAGE_STANDARD = gnu99;
				GCC_NO_COMMON_BLOCKS = YES;
				GCC_WARN_64_TO_32_BIT_CONVERSION = YES;
				GCC_WARN_ABOUT_RETURN_TYPE = YES_ERROR;
				GCC_WARN_UNDECLARED_SELECTOR = YES;
				GCC_WARN_UNINITIALIZED_AUTOS = YES_AGGRESSIVE;
				GCC_WARN_UNUSED_FUNCTION = YES;
				GCC_WARN_UNUSED_VARIABLE = YES;
				IPHONEOS_DEPLOYMENT_TARGET = 9.2;
				MTL_ENABLE_DEBUG_INFO = NO;
				SDKROOT = iphoneos;
				TARGETED_DEVICE_FAMILY = "1,2";
				VALIDATE_PRODUCT = YES;
			};
			name = Release;
		};
		ADB3F07E1D03151200A5AA85 /* Debug */ = {
			isa = XCBuildConfiguration;
			buildSettings = {
				ASSETCATALOG_COMPILER_APPICON_NAME = AppIcon;
				INFOPLIST_FILE = MyContacts/Info.plist;
				LD_RUNPATH_SEARCH_PATHS = "$(inherited) @executable_path/Frameworks";
				PRODUCT_BUNDLE_IDENTIFIER = edu.RockValleyCollege.MyContacts;
				PRODUCT_NAME = "$(TARGET_NAME)";
			};
			name = Debug;
		};
		ADB3F07F1D03151200A5AA85 /* Release */ = {
			isa = XCBuildConfiguration;
			buildSettings = {
				ASSETCATALOG_COMPILER_APPICON_NAME = AppIcon;
				INFOPLIST_FILE = MyContacts/Info.plist;
				LD_RUNPATH_SEARCH_PATHS = "$(inherited) @executable_path/Frameworks";
				PRODUCT_BUNDLE_IDENTIFIER = edu.RockValleyCollege.MyContacts;
				PRODUCT_NAME = "$(TARGET_NAME)";
			};
			name = Release;
		};
/* End XCBuildConfiguration section */

/* Begin XCConfigurationList section */
		ADB3F0631D03151200A5AA85 /* Build configuration list for PBXProject "MyContacts" */ = {
			isa = XCConfigurationList;
			buildConfigurations = (
				ADB3F07B1D03151200A5AA85 /* Debug */,
				ADB3F07C1D03151200A5AA85 /* Release */,
			);
			defaultConfigurationIsVisible = 0;
			defaultConfigurationName = Release;
		};
		ADB3F07D1D03151200A5AA85 /* Build configuration list for PBXNativeTarget "MyContacts" */ = {
			isa = XCConfigurationList;
			buildConfigurations = (
				ADB3F07E1D03151200A5AA85 /* Debug */,
				ADB3F07F1D03151200A5AA85 /* Release */,
			);
			defaultConfigurationIsVisible = 0;
		};
/* End XCConfigurationList section */

/* Begin XCVersionGroup section */
		ADB3F0721D03151200A5AA85 /* MyContacts.xcdatamodeld */ = {
			isa = XCVersionGroup;
			children = (
				ADB3F0731D03151200A5AA85 /* MyContacts.xcdatamodel */,
			);
			currentVersion = ADB3F0731D03151200A5AA85 /* MyContacts.xcdatamodel */;
			path = MyContacts.xcdatamodeld;
			sourceTree = "<group>";
			versionGroupType = wrapper.xcdatamodel;
		};
/* End XCVersionGroup section */
	};
	rootObject = ADB3F0601D03151200A5AA85 /* Project object */;
}
